
Microsoft Visual Studio Solution File, Format Version 12.00
# Visual Studio Version 17
VisualStudioVersion = 17.1.32319.34
MinimumVisualStudioVersion = 10.0.40219.1
Project("{9A19103F-16F7-4668-BE54-9A1E7A4F7556}") = "SettingsManagement", "SettingsManagement\SettingsManagement.csproj", "{FE73D4FD-9B19-4DED-8D5C-3C898EC9723C}"
EndProject
Project("{9A19103F-16F7-4668-BE54-9A1E7A4F7556}") = "SettingsManagement.Tests", "SettingsManagement.Tests\SettingsManagement.Tests.csproj", "{9BA6D451-20AF-4BAA-A02B-C3E7F6089559}"
EndProject
Project("{9A19103F-16F7-4668-BE54-9A1E7A4F7556}") = "SettingsManagment.System.Configuration", "SettingsManagment.System.Configuration\SettingsManagment.System.Configuration.csproj", "{E40D6B99-72BB-4674-BFFE-F57E2A90FAB8}"
EndProject
Project("{2150E333-8FDC-42A3-9474-1A3956D46DE8}") = "SolutionItems", "SolutionItems", "{83E3980B-D1DE-4177-87B7-FB9C31B92DE6}"
	ProjectSection(SolutionItems) = preProject
		Directory.Build.props = Directory.Build.props
		README.md = README.md
	EndProjectSection
EndProject
Project("{FAE04EC0-301F-11D3-BF4B-00C04F79EFBC}") = "SettingsManagment.SimpleFile", "SettingsManagment.SimpleFile\SettingsManagment.SimpleFile.csproj", "{88600DF0-5E7D-447A-9971-2D312FD92348}"
EndProject
Project("{FAE04EC0-301F-11D3-BF4B-00C04F79EFBC}") = "SettingsManagment.Secure", "SettingsManagment.Secure\SettingsManagment.Secure.csproj", "{01619869-677C-43CD-B459-DF3E7E9332E7}"
EndProject
Global
	GlobalSection(SolutionConfigurationPlatforms) = preSolution
		Debug|Any CPU = Debug|Any CPU
		Release|Any CPU = Release|Any CPU
	EndGlobalSection
	GlobalSection(ProjectConfigurationPlatforms) = postSolution
		{FE73D4FD-9B19-4DED-8D5C-3C898EC9723C}.Debug|Any CPU.ActiveCfg = Debug|Any CPU
		{FE73D4FD-9B19-4DED-8D5C-3C898EC9723C}.Debug|Any CPU.Build.0 = Debug|Any CPU
		{FE73D4FD-9B19-4DED-8D5C-3C898EC9723C}.Release|Any CPU.ActiveCfg = Release|Any CPU
		{FE73D4FD-9B19-4DED-8D5C-3C898EC9723C}.Release|Any CPU.Build.0 = Release|Any CPU
		{9BA6D451-20AF-4BAA-A02B-C3E7F6089559}.Debug|Any CPU.ActiveCfg = Debug|Any CPU
		{9BA6D451-20AF-4BAA-A02B-C3E7F6089559}.Debug|Any CPU.Build.0 = Debug|Any CPU
		{9BA6D451-20AF-4BAA-A02B-C3E7F6089559}.Release|Any CPU.ActiveCfg = Release|Any CPU
		{9BA6D451-20AF-4BAA-A02B-C3E7F6089559}.Release|Any CPU.Build.0 = Release|Any CPU
		{E40D6B99-72BB-4674-BFFE-F57E2A90FAB8}.Debug|Any CPU.ActiveCfg = Debug|Any CPU
		{E40D6B99-72BB-4674-BFFE-F57E2A90FAB8}.Debug|Any CPU.Build.0 = Debug|Any CPU
		{E40D6B99-72BB-4674-BFFE-F57E2A90FAB8}.Release|Any CPU.ActiveCfg = Release|Any CPU
		{E40D6B99-72BB-4674-BFFE-F57E2A90FAB8}.Release|Any CPU.Build.0 = Release|Any CPU
		{88600DF0-5E7D-447A-9971-2D312FD92348}.Debug|Any CPU.ActiveCfg = Debug|Any CPU
		{88600DF0-5E7D-447A-9971-2D312FD92348}.Debug|Any CPU.Build.0 = Debug|Any CPU
		{88600DF0-5E7D-447A-9971-2D312FD92348}.Release|Any CPU.ActiveCfg = Release|Any CPU
		{88600DF0-5E7D-447A-9971-2D312FD92348}.Release|Any CPU.Build.0 = Release|Any CPU
		{01619869-677C-43CD-B459-DF3E7E9332E7}.Debug|Any CPU.ActiveCfg = Debug|Any CPU
		{01619869-677C-43CD-B459-DF3E7E9332E7}.Debug|Any CPU.Build.0 = Debug|Any CPU
		{01619869-677C-43CD-B459-DF3E7E9332E7}.Release|Any CPU.ActiveCfg = Release|Any CPU
		{01619869-677C-43CD-B459-DF3E7E9332E7}.Release|Any CPU.Build.0 = Release|Any CPU
	EndGlobalSection
	GlobalSection(SolutionProperties) = preSolution
		HideSolutionNode = FALSE
	EndGlobalSection
	GlobalSection(ExtensibilityGlobals) = postSolution
		SolutionGuid = {E42E2CC7-4556-4E49-872E-E157068C2BCF}
	EndGlobalSection
EndGlobal
